
Microsoft Visual Studio Solution File, Format Version 12.00
# Visual Studio Version 17
VisualStudioVersion = 17.7.34024.191
MinimumVisualStudioVersion = 10.0.40219.1
Project("{FAE04EC0-301F-11D3-BF4B-00C04F79EFBC}") = "FA2_Q1", "FA2_Q1\FA2_Q1.csproj", "{5F06FF45-C119-41E4-8D9C-55DF735ACCDC}"
EndProject
Global
	GlobalSection(SolutionConfigurationPlatforms) = preSolution
		Debug|Any CPU = Debug|Any CPU
		Release|Any CPU = Release|Any CPU
	EndGlobalSection
	GlobalSection(ProjectConfigurationPlatforms) = postSolution
		{5F06FF45-C119-41E4-8D9C-55DF735ACCDC}.Debug|Any CPU.ActiveCfg = Debug|Any CPU
		{5F06FF45-C119-41E4-8D9C-55DF735ACCDC}.Debug|Any CPU.Build.0 = Debug|Any CPU
		{5F06FF45-C119-41E4-8D9C-55DF735ACCDC}.Release|Any CPU.ActiveCfg = Release|Any CPU
		{5F06FF45-C119-41E4-8D9C-55DF735ACCDC}.Release|Any CPU.Build.0 = Release|Any CPU
	EndGlobalSection
	GlobalSection(SolutionProperties) = preSolution
		HideSolutionNode = FALSE
	EndGlobalSection
	GlobalSection(ExtensibilityGlobals) = postSolution
		SolutionGuid = {AB6DC8E8-22CC-4D30-B5FB-82A16E3A78D8}
	EndGlobalSection
EndGlobal
